{
  "name": "postalworker",
  "version": "2.0.8",
  "lockfileVersion": 1,
  "requires": true,
  "dependencies": {
    "acorn": {
      "version": "4.0.13",
      "resolved": "https://repositories-fol.mycom-osi.com/repository/npm-mo/acorn/-/acorn-4.0.13.tgz",
      "integrity": "sha1-EFSVrlNh1pe9GVyCUZLhrX8lN4c=",
      "dev": true
    },
    "ansi-regex": {
      "version": "2.1.1",
      "resolved": "https://repositories-fol.mycom-osi.com/repository/npm-mo/ansi-regex/-/ansi-regex-2.1.1.tgz",
      "integrity": "sha1-w7M6te42DYbg5ijwRorn7yfWVN8=",
      "dev": true
    },
    "ansi-styles": {
      "version": "2.2.1",
      "resolved": "https://repositories-fol.mycom-osi.com/repository/npm-mo/ansi-styles/-/ansi-styles-2.2.1.tgz",
      "integrity": "sha1-tDLdM1i2NM914eRmQ2gkBTPB3b4=",
      "dev": true
    },
    "arr-diff": {
      "version": "2.0.0",
      "resolved": "https://repositories-fol.mycom-osi.com/repository/npm-mo/arr-diff/-/arr-diff-2.0.0.tgz",
      "integrity": "sha1-jzuCf5Vai9ZpaX5KQlasPOrjVs8=",
      "dev": true,
      "requires": {
        "arr-flatten": "1.1.0"
      }
    },
    "arr-flatten": {
      "version": "1.1.0",
      "resolved": "https://repositories-fol.mycom-osi.com/repository/npm-mo/arr-flatten/-/arr-flatten-1.1.0.tgz",
      "integrity": "sha512-L3hKV5R/p5o81R7O02IGnwpDmkp6E982XhtbuwSe3O4qOtMMMtodicASA1Cny2U+aCXcNpml+m4dPsvsJ3jatg==",
      "dev": true
    },
    "arr-union": {
      "version": "3.1.0",
      "resolved": "https://repositories-fol.mycom-osi.com/repository/npm-mo/arr-union/-/arr-union-3.1.0.tgz",
      "integrity": "sha1-45sJrqne+Gao8gbiiK9jkZuuOcQ=",
      "dev": true
    },
    "array-unique": {
      "version": "0.2.1",
      "resolved": "https://repositories-fol.mycom-osi.com/repository/npm-mo/array-unique/-/array-unique-0.2.1.tgz",
      "integrity": "sha1-odl8yvy8JiXMcPrc6zalDFiwGlM=",
      "dev": true
    },
    "async-array-reduce": {
      "version": "0.2.1",
      "resolved": "https://repositories-fol.mycom-osi.com/repository/npm-mo/async-array-reduce/-/async-array-reduce-0.2.1.tgz",
      "integrity": "sha1-yL4BCitc0A3qlsgRFgNGk9/dgtE=",
      "dev": true
    },
    "babel-code-frame": {
      "version": "6.26.0",
      "resolved": "https://repositories-fol.mycom-osi.com/repository/npm-mo/babel-code-frame/-/babel-code-frame-6.26.0.tgz",
      "integrity": "sha1-Y/1D99weO7fONZR9uP42mj9Yx0s=",
      "dev": true,
      "requires": {
        "chalk": "1.1.3",
        "esutils": "2.0.2",
        "js-tokens": "3.0.2"
      }
    },
    "babel-core": {
      "version": "6.26.0",
      "resolved": "https://repositories-fol.mycom-osi.com/repository/npm-mo/babel-core/-/babel-core-6.26.0.tgz",
      "integrity": "sha1-rzL3izGm/O8RnIew/Y2XU/A6C7g=",
      "dev": true,
      "requires": {
        "babel-code-frame": "6.26.0",
        "babel-generator": "6.26.1",
        "babel-helpers": "6.24.1",
        "babel-messages": "6.23.0",
        "babel-register": "6.26.0",
        "babel-runtime": "6.26.0",
        "babel-template": "6.26.0",
        "babel-traverse": "6.26.0",
        "babel-types": "6.26.0",
        "babylon": "6.18.0",
        "convert-source-map": "1.5.1",
        "debug": "2.6.9",
        "json5": "0.5.1",
        "lodash": "4.17.5",
        "minimatch": "3.0.4",
        "path-is-absolute": "1.0.1",
        "private": "0.1.8",
        "slash": "1.0.0",
        "source-map": "0.5.7"
      }
    },
    "babel-generator": {
      "version": "6.26.1",
      "resolved": "https://repositories-fol.mycom-osi.com/repository/npm-mo/babel-generator/-/babel-generator-6.26.1.tgz",
      "integrity": "sha512-HyfwY6ApZj7BYTcJURpM5tznulaBvyio7/0d4zFOeMPUmfxkCjHocCuoLa2SAGzBI8AREcH3eP3758F672DppA==",
      "dev": true,
      "requires": {
        "babel-messages": "6.23.0",
        "babel-runtime": "6.26.0",
        "babel-types": "6.26.0",
        "detect-indent": "4.0.0",
        "jsesc": "1.3.0",
        "lodash": "4.17.5",
        "source-map": "0.5.7",
        "trim-right": "1.0.1"
      }
    },
    "babel-helper-define-map": {
      "version": "6.26.0",
      "resolved": "https://repositories-fol.mycom-osi.com/repository/npm-mo/babel-helper-define-map/-/babel-helper-define-map-6.26.0.tgz",
      "integrity": "sha1-pfVtq0GiX5fstJjH66ypgZ+Vvl8=",
      "dev": true,
      "requires": {
        "babel-helper-function-name": "6.24.1",
        "babel-runtime": "6.26.0",
        "babel-types": "6.26.0",
        "lodash": "4.17.5"
      }
    },
    "babel-helper-function-name": {
      "version": "6.24.1",
      "resolved": "https://repositories-fol.mycom-osi.com/repository/npm-mo/babel-helper-function-name/-/babel-helper-function-name-6.24.1.tgz",
      "integrity": "sha1-00dbjAPtmCQqJbSDUasYOZ01gKk=",
      "dev": true,
      "requires": {
        "babel-helper-get-function-arity": "6.24.1",
        "babel-runtime": "6.26.0",
        "babel-template": "6.26.0",
        "babel-traverse": "6.26.0",
        "babel-types": "6.26.0"
      }
    },
    "babel-helper-get-function-arity": {
      "version": "6.24.1",
      "resolved": "https://repositories-fol.mycom-osi.com/repository/npm-mo/babel-helper-get-function-arity/-/babel-helper-get-function-arity-6.24.1.tgz",
      "integrity": "sha1-j3eCqpNAfEHTqlCQj4mwMbG2hT0=",
      "dev": true,
      "requires": {
        "babel-runtime": "6.26.0",
        "babel-types": "6.26.0"
      }
    },
    "babel-helper-optimise-call-expression": {
      "version": "6.24.1",
      "resolved": "https://repositories-fol.mycom-osi.com/repository/npm-mo/babel-helper-optimise-call-expression/-/babel-helper-optimise-call-expression-6.24.1.tgz",
      "integrity": "sha1-96E0J7qfc/j0+pk8VKl4gtEkQlc=",
      "dev": true,
      "requires": {
        "babel-runtime": "6.26.0",
        "babel-types": "6.26.0"
      }
    },
    "babel-helper-replace-supers": {
      "version": "6.24.1",
      "resolved": "https://repositories-fol.mycom-osi.com/repository/npm-mo/babel-helper-replace-supers/-/babel-helper-replace-supers-6.24.1.tgz",
      "integrity": "sha1-v22/5Dk40XNpohPKiov3S2qQqxo=",
      "dev": true,
      "requires": {
        "babel-helper-optimise-call-expression": "6.24.1",
        "babel-messages": "6.23.0",
        "babel-runtime": "6.26.0",
        "babel-template": "6.26.0",
        "babel-traverse": "6.26.0",
        "babel-types": "6.26.0"
      }
    },
    "babel-helpers": {
      "version": "6.24.1",
      "resolved": "https://repositories-fol.mycom-osi.com/repository/npm-mo/babel-helpers/-/babel-helpers-6.24.1.tgz",
      "integrity": "sha1-NHHenK7DiOXIUOWX5Yom3fN2ArI=",
      "dev": true,
      "requires": {
        "babel-runtime": "6.26.0",
        "babel-template": "6.26.0"
      }
    },
    "babel-messages": {
      "version": "6.23.0",
      "resolved": "https://repositories-fol.mycom-osi.com/repository/npm-mo/babel-messages/-/babel-messages-6.23.0.tgz",
      "integrity": "sha1-8830cDhYA1sqKVHG7F7fbGLyYw4=",
      "dev": true,
      "requires": {
        "babel-runtime": "6.26.0"
      }
    },
    "babel-plugin-transform-es2015-classes": {
      "version": "6.24.1",
      "resolved": "https://repositories-fol.mycom-osi.com/repository/npm-mo/babel-plugin-transform-es2015-classes/-/babel-plugin-transform-es2015-classes-6.24.1.tgz",
      "integrity": "sha1-WkxYpQyclGHlZLSyo7+ryXolhNs=",
      "dev": true,
      "requires": {
        "babel-helper-define-map": "6.26.0",
        "babel-helper-function-name": "6.24.1",
        "babel-helper-optimise-call-expression": "6.24.1",
        "babel-helper-replace-supers": "6.24.1",
        "babel-messages": "6.23.0",
        "babel-runtime": "6.26.0",
        "babel-template": "6.26.0",
        "babel-traverse": "6.26.0",
        "babel-types": "6.26.0"
      }
    },
    "babel-register": {
      "version": "6.26.0",
      "resolved": "https://repositories-fol.mycom-osi.com/repository/npm-mo/babel-register/-/babel-register-6.26.0.tgz",
      "integrity": "sha1-btAhFz4vy0htestFxgCahW9kcHE=",
      "dev": true,
      "requires": {
        "babel-core": "6.26.0",
        "babel-runtime": "6.26.0",
        "core-js": "2.5.3",
        "home-or-tmp": "2.0.0",
        "lodash": "4.17.5",
        "mkdirp": "0.5.1",
        "source-map-support": "0.4.18"
      }
    },
    "babel-runtime": {
      "version": "6.26.0",
      "resolved": "https://repositories-fol.mycom-osi.com/repository/npm-mo/babel-runtime/-/babel-runtime-6.26.0.tgz",
      "integrity": "sha1-llxwWGaOgrVde/4E/yM3vItWR/4=",
      "dev": true,
      "requires": {
        "core-js": "2.5.3",
        "regenerator-runtime": "0.11.1"
      }
    },
    "babel-template": {
      "version": "6.26.0",
      "resolved": "https://repositories-fol.mycom-osi.com/repository/npm-mo/babel-template/-/babel-template-6.26.0.tgz",
      "integrity": "sha1-3gPi0WOWsGn0bdn/+FIfsaDjXgI=",
      "dev": true,
      "requires": {
        "babel-runtime": "6.26.0",
        "babel-traverse": "6.26.0",
        "babel-types": "6.26.0",
        "babylon": "6.18.0",
        "lodash": "4.17.5"
      }
    },
    "babel-traverse": {
      "version": "6.26.0",
      "resolved": "https://repositories-fol.mycom-osi.com/repository/npm-mo/babel-traverse/-/babel-traverse-6.26.0.tgz",
      "integrity": "sha1-RqnL1+3MYsjlwGTi0tjQ9ANXZu4=",
      "dev": true,
      "requires": {
        "babel-code-frame": "6.26.0",
        "babel-messages": "6.23.0",
        "babel-runtime": "6.26.0",
        "babel-types": "6.26.0",
        "babylon": "6.18.0",
        "debug": "2.6.9",
        "globals": "9.18.0",
        "invariant": "2.2.2",
        "lodash": "4.17.5"
      }
    },
    "babel-types": {
      "version": "6.26.0",
      "resolved": "https://repositories-fol.mycom-osi.com/repository/npm-mo/babel-types/-/babel-types-6.26.0.tgz",
      "integrity": "sha1-o7Bz+Uq0nrb6Vc1lInozQ4BjJJc=",
      "dev": true,
      "requires": {
        "babel-runtime": "6.26.0",
        "esutils": "2.0.2",
        "lodash": "4.17.5",
        "to-fast-properties": "1.0.3"
      }
    },
    "babylon": {
      "version": "6.18.0",
      "resolved": "https://repositories-fol.mycom-osi.com/repository/npm-mo/babylon/-/babylon-6.18.0.tgz",
      "integrity": "sha512-q/UEjfGJ2Cm3oKV71DJz9d25TPnq5rhBVL2Q4fA5wcC3jcrdn7+SssEybFIxwAvvP+YCsCYNKughoF33GxgycQ==",
      "dev": true
    },
    "balanced-match": {
      "version": "1.0.0",
      "resolved": "https://repositories-fol.mycom-osi.com/repository/npm-mo/balanced-match/-/balanced-match-1.0.0.tgz",
      "integrity": "sha1-ibTRmasr7kneFk6gK4nORi1xt2c=",
      "dev": true
    },
    "brace-expansion": {
      "version": "1.1.11",
      "resolved": "https://repositories-fol.mycom-osi.com/repository/npm-mo/brace-expansion/-/brace-expansion-1.1.11.tgz",
      "integrity": "sha512-iCuPHDFgrHX7H2vEI/5xpz07zSHB00TpugqhmYtVmMO6518mCuRMoOYFldEBl0g187ufozdaHgWKcYFb61qGiA==",
      "dev": true,
      "requires": {
        "balanced-match": "1.0.0",
        "concat-map": "0.0.1"
      }
    },
    "braces": {
      "version": "1.8.5",
      "resolved": "https://repositories-fol.mycom-osi.com/repository/npm-mo/braces/-/braces-1.8.5.tgz",
      "integrity": "sha1-uneWLhLf+WnWt2cR6RS3N4V79qc=",
      "dev": true,
      "requires": {
        "expand-range": "1.8.2",
        "preserve": "0.2.0",
        "repeat-element": "1.1.2"
      }
    },
    "browser-resolve": {
      "version": "1.11.2",
      "resolved": "https://repositories-fol.mycom-osi.com/repository/npm-mo/browser-resolve/-/browser-resolve-1.11.2.tgz",
      "integrity": "sha1-j/CbCixCFxihBRwmCzLkj0QpOM4=",
      "dev": true,
      "requires": {
        "resolve": "1.1.7"
      },
      "dependencies": {
        "resolve": {
          "version": "1.1.7",
          "resolved": "https://repositories-fol.mycom-osi.com/repository/npm-mo/resolve/-/resolve-1.1.7.tgz",
          "integrity": "sha1-IDEU2CrSxe2ejgQRs5ModeiJ6Xs=",
          "dev": true
        }
      }
    },
    "builtin-modules": {
      "version": "1.1.1",
      "resolved": "https://repositories-fol.mycom-osi.com/repository/npm-mo/builtin-modules/-/builtin-modules-1.1.1.tgz",
      "integrity": "sha1-Jw8HbFpywC9bZaR9+Uxf46J4iS8=",
      "dev": true
    },
    "chalk": {
      "version": "1.1.3",
      "resolved": "https://repositories-fol.mycom-osi.com/repository/npm-mo/chalk/-/chalk-1.1.3.tgz",
      "integrity": "sha1-qBFcVeSnAv5NFQq9OHKCKn4J/Jg=",
      "dev": true,
      "requires": {
        "ansi-styles": "2.2.1",
        "escape-string-regexp": "1.0.5",
        "has-ansi": "2.0.0",
        "strip-ansi": "3.0.1",
        "supports-color": "2.0.0"
      }
    },
    "commander": {
      "version": "2.9.0",
      "resolved": "https://repositories-fol.mycom-osi.com/repository/npm-mo/commander/-/commander-2.9.0.tgz",
      "integrity": "sha1-nJkJQXbhIkDLItbFFGCYQA/g99Q=",
      "dev": true,
      "requires": {
        "graceful-readlink": "1.0.1"
      }
    },
    "concat-map": {
      "version": "0.0.1",
      "resolved": "https://repositories-fol.mycom-osi.com/repository/npm-mo/concat-map/-/concat-map-0.0.1.tgz",
      "integrity": "sha1-2Klr13/Wjfd5OnMDajug1UBdR3s=",
      "dev": true
    },
    "convert-source-map": {
      "version": "1.5.1",
      "resolved": "https://repositories-fol.mycom-osi.com/repository/npm-mo/convert-source-map/-/convert-source-map-1.5.1.tgz",
      "integrity": "sha1-uCeAl7m8IpNl3lxiz1/K7YtVmeU=",
      "dev": true
    },
    "core-js": {
      "version": "2.5.3",
      "resolved": "https://repositories-fol.mycom-osi.com/repository/npm-mo/core-js/-/core-js-2.5.3.tgz",
      "integrity": "sha1-isw4NFgk8W2DZbfJtCWRaOjtYD4=",
      "dev": true
    },
    "debug": {
      "version": "2.6.9",
      "resolved": "https://repositories-fol.mycom-osi.com/repository/npm-mo/debug/-/debug-2.6.9.tgz",
      "integrity": "sha512-bC7ElrdJaJnPbAP+1EotYvqZsb3ecl5wi6Bfi6BJTUcNowp6cvspg0jXznRTKDjm/E7AdgFBVeAPVMNcKGsHMA==",
      "dev": true,
      "requires": {
        "ms": "2.0.0"
      }
    },
    "detect-indent": {
      "version": "4.0.0",
      "resolved": "https://repositories-fol.mycom-osi.com/repository/npm-mo/detect-indent/-/detect-indent-4.0.0.tgz",
      "integrity": "sha1-920GQ1LN9Docts5hnE7jqUdd4gg=",
      "dev": true,
      "requires": {
        "repeating": "2.0.1"
      }
    },
    "escape-string-regexp": {
      "version": "1.0.5",
      "resolved": "https://repositories-fol.mycom-osi.com/repository/npm-mo/escape-string-regexp/-/escape-string-regexp-1.0.5.tgz",
      "integrity": "sha1-G2HAViGQqN/2rjuyzwIAyhMLhtQ=",
      "dev": true
    },
    "estree-walker": {
      "version": "0.2.1",
      "resolved": "https://repositories-fol.mycom-osi.com/repository/npm-mo/estree-walker/-/estree-walker-0.2.1.tgz",
      "integrity": "sha1-va/oCVOD2EFNXcLs9MkXO225QS4=",
      "dev": true
    },
    "esutils": {
      "version": "2.0.2",
      "resolved": "https://repositories-fol.mycom-osi.com/repository/npm-mo/esutils/-/esutils-2.0.2.tgz",
      "integrity": "sha1-Cr9PHKpbyx96nYrMbepPqqBLrJs=",
      "dev": true
    },
    "expand-brackets": {
      "version": "0.1.5",
      "resolved": "https://repositories-fol.mycom-osi.com/repository/npm-mo/expand-brackets/-/expand-brackets-0.1.5.tgz",
      "integrity": "sha1-3wcoTjQqgHzXM6xa9yQR5YHRF3s=",
      "dev": true,
      "requires": {
        "is-posix-bracket": "0.1.1"
      }
    },
    "expand-range": {
      "version": "1.8.2",
      "resolved": "https://repositories-fol.mycom-osi.com/repository/npm-mo/expand-range/-/expand-range-1.8.2.tgz",
      "integrity": "sha1-opnv/TNf4nIeuujiV+x5ZE/IUzc=",
      "dev": true,
      "requires": {
        "fill-range": "2.2.3"
      }
    },
    "expand-tilde": {
      "version": "1.2.2",
      "resolved": "https://repositories-fol.mycom-osi.com/repository/npm-mo/expand-tilde/-/expand-tilde-1.2.2.tgz",
      "integrity": "sha1-C4HrqJflo9MdHD0QL48BRB5VlEk=",
      "dev": true,
      "requires": {
        "os-homedir": "1.0.2"
      }
    },
    "extend-shallow": {
      "version": "2.0.1",
      "resolved": "https://repositories-fol.mycom-osi.com/repository/npm-mo/extend-shallow/-/extend-shallow-2.0.1.tgz",
      "integrity": "sha1-Ua99YUrZqfYQ6huvu5idaxxWiQ8=",
      "dev": true,
      "requires": {
        "is-extendable": "0.1.1"
      }
    },
    "extglob": {
      "version": "0.3.2",
      "resolved": "https://repositories-fol.mycom-osi.com/repository/npm-mo/extglob/-/extglob-0.3.2.tgz",
      "integrity": "sha1-Lhj/PS9JqydlzskCPwEdqo2DSaE=",
      "dev": true,
      "requires": {
        "is-extglob": "1.0.0"
      }
    },
    "filename-regex": {
      "version": "2.0.1",
      "resolved": "https://repositories-fol.mycom-osi.com/repository/npm-mo/filename-regex/-/filename-regex-2.0.1.tgz",
      "integrity": "sha1-wcS5vuPglyXdsQa3XB4wH+LxiyY=",
      "dev": true
    },
    "fill-range": {
      "version": "2.2.3",
      "resolved": "https://repositories-fol.mycom-osi.com/repository/npm-mo/fill-range/-/fill-range-2.2.3.tgz",
      "integrity": "sha1-ULd9/X5Gm8dJJHCWNpn+eoSFpyM=",
      "dev": true,
      "requires": {
        "is-number": "2.1.0",
        "isobject": "2.1.0",
        "randomatic": "1.1.7",
        "repeat-element": "1.1.2",
        "repeat-string": "1.6.1"
      }
    },
    "for-in": {
      "version": "1.0.2",
      "resolved": "https://repositories-fol.mycom-osi.com/repository/npm-mo/for-in/-/for-in-1.0.2.tgz",
      "integrity": "sha1-gQaNKVqBQuwKxybG4iAMMPttXoA=",
      "dev": true
    },
    "for-own": {
      "version": "0.1.5",
      "resolved": "https://repositories-fol.mycom-osi.com/repository/npm-mo/for-own/-/for-own-0.1.5.tgz",
      "integrity": "sha1-UmXGgaTylNq78XyVCbZ2OqhFEM4=",
      "dev": true,
      "requires": {
        "for-in": "1.0.2"
      }
    },
    "fs-exists-sync": {
      "version": "0.1.0",
      "resolved": "https://repositories-fol.mycom-osi.com/repository/npm-mo/fs-exists-sync/-/fs-exists-sync-0.1.0.tgz",
      "integrity": "sha1-mC1ok6+RjnLQjeyehnP/K1qNat0=",
      "dev": true
    },
    "fs.realpath": {
      "version": "1.0.0",
      "resolved": "https://repositories-fol.mycom-osi.com/repository/npm-mo/fs.realpath/-/fs.realpath-1.0.0.tgz",
      "integrity": "sha1-FQStJSMVjKpA20onh8sBQRmU6k8=",
      "dev": true
    },
    "glob": {
      "version": "7.1.2",
      "resolved": "https://repositories-fol.mycom-osi.com/repository/npm-mo/glob/-/glob-7.1.2.tgz",
      "integrity": "sha512-MJTUg1kjuLeQCJ+ccE4Vpa6kKVXkPYJ2mOCQyUuKLcLQsdrMCpBPUi8qVE6+YuaJkozeA9NusTAw3hLr8Xe5EQ==",
      "dev": true,
      "requires": {
        "fs.realpath": "1.0.0",
        "inflight": "1.0.6",
        "inherits": "2.0.3",
        "minimatch": "3.0.4",
        "once": "1.4.0",
        "path-is-absolute": "1.0.1"
      }
    },
    "glob-base": {
      "version": "0.3.0",
      "resolved": "https://repositories-fol.mycom-osi.com/repository/npm-mo/glob-base/-/glob-base-0.3.0.tgz",
      "integrity": "sha1-27Fk9iIbHAscz4Kuoyi0l98Oo8Q=",
      "dev": true,
      "requires": {
        "glob-parent": "2.0.0",
        "is-glob": "2.0.1"
      }
    },
    "glob-parent": {
      "version": "2.0.0",
      "resolved": "https://repositories-fol.mycom-osi.com/repository/npm-mo/glob-parent/-/glob-parent-2.0.0.tgz",
      "integrity": "sha1-gTg9ctsFT8zPUzbaqQLxgvbtuyg=",
      "dev": true,
      "requires": {
        "is-glob": "2.0.1"
      }
    },
    "global-modules": {
      "version": "0.2.3",
      "resolved": "https://repositories-fol.mycom-osi.com/repository/npm-mo/global-modules/-/global-modules-0.2.3.tgz",
      "integrity": "sha1-6lo77ULG1s6ZWk+KEmm12uIjgo0=",
      "dev": true,
      "requires": {
        "global-prefix": "0.1.5",
        "is-windows": "0.2.0"
      }
    },
    "global-prefix": {
      "version": "0.1.5",
      "resolved": "https://repositories-fol.mycom-osi.com/repository/npm-mo/global-prefix/-/global-prefix-0.1.5.tgz",
      "integrity": "sha1-jTvGuNo8qBEqFg2NSW/wRiv+948=",
      "dev": true,
      "requires": {
        "homedir-polyfill": "1.0.1",
        "ini": "1.3.5",
        "is-windows": "0.2.0",
        "which": "1.3.0"
      }
    },
    "globals": {
      "version": "9.18.0",
      "resolved": "https://repositories-fol.mycom-osi.com/repository/npm-mo/globals/-/globals-9.18.0.tgz",
      "integrity": "sha512-S0nG3CLEQiY/ILxqtztTWH/3iRRdyBLw6KMDxnKMchrtbj2OFmehVh0WUCfW3DUrIgx/qFrJPICrq4Z4sTR9UQ==",
      "dev": true
    },
    "graceful-readlink": {
      "version": "1.0.1",
      "resolved": "https://repositories-fol.mycom-osi.com/repository/npm-mo/graceful-readlink/-/graceful-readlink-1.0.1.tgz",
      "integrity": "sha1-TK+tdrxi8C+gObL5Tpo906ORpyU=",
      "dev": true
    },
    "has-ansi": {
      "version": "2.0.0",
      "resolved": "https://repositories-fol.mycom-osi.com/repository/npm-mo/has-ansi/-/has-ansi-2.0.0.tgz",
      "integrity": "sha1-NPUEnOHs3ysGSa8+8k5F7TVBbZE=",
      "dev": true,
      "requires": {
        "ansi-regex": "2.1.1"
      }
    },
    "has-glob": {
      "version": "0.1.1",
      "resolved": "https://repositories-fol.mycom-osi.com/repository/npm-mo/has-glob/-/has-glob-0.1.1.tgz",
      "integrity": "sha1-omHEwqbGZ+DHe3AKfyl8Oe86pYk=",
      "dev": true,
      "requires": {
        "is-glob": "2.0.1"
      }
    },
    "home-or-tmp": {
      "version": "2.0.0",
      "resolved": "https://repositories-fol.mycom-osi.com/repository/npm-mo/home-or-tmp/-/home-or-tmp-2.0.0.tgz",
      "integrity": "sha1-42w/LSyufXRqhX440Y1fMqeILbg=",
      "dev": true,
      "requires": {
        "os-homedir": "1.0.2",
        "os-tmpdir": "1.0.2"
      }
    },
    "homedir-polyfill": {
      "version": "1.0.1",
      "resolved": "https://repositories-fol.mycom-osi.com/repository/npm-mo/homedir-polyfill/-/homedir-polyfill-1.0.1.tgz",
      "integrity": "sha1-TCu8inWJmP7r9e1oWA921GdotLw=",
      "dev": true,
      "requires": {
        "parse-passwd": "1.0.0"
      }
    },
    "inflight": {
      "version": "1.0.6",
      "resolved": "https://repositories-fol.mycom-osi.com/repository/npm-mo/inflight/-/inflight-1.0.6.tgz",
      "integrity": "sha1-Sb1jMdfQLQwJvJEKEHW6gWW1bfk=",
      "dev": true,
      "requires": {
        "once": "1.4.0",
        "wrappy": "1.0.2"
      }
    },
    "inherits": {
      "version": "2.0.3",
      "resolved": "https://repositories-fol.mycom-osi.com/repository/npm-mo/inherits/-/inherits-2.0.3.tgz",
      "integrity": "sha1-Yzwsg+PaQqUC9SRmAiSA9CCCYd4=",
      "dev": true
    },
    "ini": {
      "version": "1.3.5",
      "resolved": "https://repositories-fol.mycom-osi.com/repository/npm-mo/ini/-/ini-1.3.5.tgz",
      "integrity": "sha512-RZY5huIKCMRWDUqZlEi72f/lmXKMvuszcMBduliQ3nnWbx9X/ZBQO7DijMEYS9EhHBb2qacRUMtC7svLwe0lcw==",
      "dev": true
    },
    "invariant": {
      "version": "2.2.2",
      "resolved": "https://repositories-fol.mycom-osi.com/repository/npm-mo/invariant/-/invariant-2.2.2.tgz",
      "integrity": "sha1-nh9WrArNtr8wMwbzOL47IErmA2A=",
      "dev": true,
      "requires": {
        "loose-envify": "1.3.1"
      }
    },
    "is-buffer": {
      "version": "1.1.6",
      "resolved": "https://repositories-fol.mycom-osi.com/repository/npm-mo/is-buffer/-/is-buffer-1.1.6.tgz",
      "integrity": "sha512-NcdALwpXkTm5Zvvbk7owOUSvVvBKDgKP5/ewfXEznmQFfs4ZRmanOeKBTjRVjka3QFoN6XJ+9F3USqfHqTaU5w==",
      "dev": true
    },
    "is-dotfile": {
      "version": "1.0.3",
      "resolved": "https://repositories-fol.mycom-osi.com/repository/npm-mo/is-dotfile/-/is-dotfile-1.0.3.tgz",
      "integrity": "sha1-pqLzL/0t+wT1yiXs0Pa4PPeYoeE=",
      "dev": true
    },
    "is-equal-shallow": {
      "version": "0.1.3",
      "resolved": "https://repositories-fol.mycom-osi.com/repository/npm-mo/is-equal-shallow/-/is-equal-shallow-0.1.3.tgz",
      "integrity": "sha1-IjgJj8Ih3gvPpdnqxMRdY4qhxTQ=",
      "dev": true,
      "requires": {
        "is-primitive": "2.0.0"
      }
    },
    "is-extendable": {
      "version": "0.1.1",
      "resolved": "https://repositories-fol.mycom-osi.com/repository/npm-mo/is-extendable/-/is-extendable-0.1.1.tgz",
      "integrity": "sha1-YrEQ4omkcUGOPsNqYX1HLjAd/Ik=",
      "dev": true
    },
    "is-extglob": {
      "version": "1.0.0",
      "resolved": "https://repositories-fol.mycom-osi.com/repository/npm-mo/is-extglob/-/is-extglob-1.0.0.tgz",
      "integrity": "sha1-rEaBd8SUNAWgkvyPKXYMb/xiBsA=",
      "dev": true
    },
    "is-finite": {
      "version": "1.0.2",
      "resolved": "https://repositories-fol.mycom-osi.com/repository/npm-mo/is-finite/-/is-finite-1.0.2.tgz",
      "integrity": "sha1-zGZ3aVYCvlUO8R6LSqYwU0K20Ko=",
      "dev": true,
      "requires": {
        "number-is-nan": "1.0.1"
      }
    },
    "is-glob": {
      "version": "2.0.1",
      "resolved": "https://repositories-fol.mycom-osi.com/repository/npm-mo/is-glob/-/is-glob-2.0.1.tgz",
      "integrity": "sha1-0Jb5JqPe1WAPP9/ZEZjLCIjC2GM=",
      "dev": true,
      "requires": {
        "is-extglob": "1.0.0"
      }
    },
    "is-number": {
      "version": "2.1.0",
      "resolved": "https://repositories-fol.mycom-osi.com/repository/npm-mo/is-number/-/is-number-2.1.0.tgz",
      "integrity": "sha1-Afy7s5NGOlSPL0ZszhbezknbkI8=",
      "dev": true,
      "requires": {
        "kind-of": "3.2.2"
      }
    },
    "is-posix-bracket": {
      "version": "0.1.1",
      "resolved": "https://repositories-fol.mycom-osi.com/repository/npm-mo/is-posix-bracket/-/is-posix-bracket-0.1.1.tgz",
      "integrity": "sha1-MzTceXdDaOkvAW5vvAqI9c1ua8Q=",
      "dev": true
    },
    "is-primitive": {
      "version": "2.0.0",
      "resolved": "https://repositories-fol.mycom-osi.com/repository/npm-mo/is-primitive/-/is-primitive-2.0.0.tgz",
      "integrity": "sha1-IHurkWOEmcB7Kt8kCkGochADRXU=",
      "dev": true
    },
    "is-valid-glob": {
      "version": "0.3.0",
      "resolved": "https://repositories-fol.mycom-osi.com/repository/npm-mo/is-valid-glob/-/is-valid-glob-0.3.0.tgz",
      "integrity": "sha1-1LVcafUYhvm2XHDWwmItN+KfSP4=",
      "dev": true
    },
    "is-windows": {
      "version": "0.2.0",
      "resolved": "https://repositories-fol.mycom-osi.com/repository/npm-mo/is-windows/-/is-windows-0.2.0.tgz",
      "integrity": "sha1-3hqm1j6indJIc3tp8f+LgALSEIw=",
      "dev": true
    },
    "isarray": {
      "version": "1.0.0",
      "resolved": "https://repositories-fol.mycom-osi.com/repository/npm-mo/isarray/-/isarray-1.0.0.tgz",
      "integrity": "sha1-u5NdSFgsuhaMBoNJV6VKPgcSTxE=",
      "dev": true
    },
    "isexe": {
      "version": "2.0.0",
      "resolved": "https://repositories-fol.mycom-osi.com/repository/npm-mo/isexe/-/isexe-2.0.0.tgz",
      "integrity": "sha1-6PvzdNxVb/iUehDcsFctYz8s+hA=",
      "dev": true
    },
    "isobject": {
      "version": "2.1.0",
      "resolved": "https://repositories-fol.mycom-osi.com/repository/npm-mo/isobject/-/isobject-2.1.0.tgz",
      "integrity": "sha1-8GVWEJaj8dou9GJy+BXIQNh+DIk=",
      "dev": true,
      "requires": {
        "isarray": "1.0.0"
      }
    },
    "js-tokens": {
      "version": "3.0.2",
      "resolved": "https://repositories-fol.mycom-osi.com/repository/npm-mo/js-tokens/-/js-tokens-3.0.2.tgz",
      "integrity": "sha1-mGbfOVECEw449/mWvOtlRDIJwls=",
      "dev": true
    },
    "jsesc": {
      "version": "1.3.0",
      "resolved": "https://repositories-fol.mycom-osi.com/repository/npm-mo/jsesc/-/jsesc-1.3.0.tgz",
      "integrity": "sha1-RsP+yMGJKxKwgz25vHYiF226s0s=",
      "dev": true
    },
    "json5": {
      "version": "0.5.1",
      "resolved": "https://repositories-fol.mycom-osi.com/repository/npm-mo/json5/-/json5-0.5.1.tgz",
      "integrity": "sha1-Hq3nrMASA0rYTiOWdn6tn6VJWCE=",
      "dev": true
    },
    "kind-of": {
      "version": "3.2.2",
      "resolved": "https://repositories-fol.mycom-osi.com/repository/npm-mo/kind-of/-/kind-of-3.2.2.tgz",
      "integrity": "sha1-MeohpzS6ubuw8yRm2JOupR5KPGQ=",
      "dev": true,
      "requires": {
        "is-buffer": "1.1.6"
      }
    },
    "lazy-cache": {
      "version": "2.0.2",
      "resolved": "https://repositories-fol.mycom-osi.com/repository/npm-mo/lazy-cache/-/lazy-cache-2.0.2.tgz",
      "integrity": "sha1-uRkKT5EzVGlIQIWfio9whNiCImQ=",
      "dev": true,
      "requires": {
        "set-getter": "0.1.0"
      }
    },
    "lodash": {
      "version": "4.17.5",
      "resolved": "https://repositories-fol.mycom-osi.com/repository/npm-mo/lodash/-/lodash-4.17.5.tgz",
      "integrity": "sha512-svL3uiZf1RwhH+cWrfZn3A4+U58wbP0tGVTLQPbjplZxZ8ROD9VLuNgsRniTlLe7OlSqR79RUehXgpBW/s0IQw==",
      "dev": true
    },
    "loose-envify": {
      "version": "1.3.1",
      "resolved": "https://repositories-fol.mycom-osi.com/repository/npm-mo/loose-envify/-/loose-envify-1.3.1.tgz",
      "integrity": "sha1-0aitM/qc4OcT1l/dCsi3SNR4yEg=",
      "dev": true,
      "requires": {
        "js-tokens": "3.0.2"
      }
    },
    "magic-string": {
      "version": "0.19.1",
      "resolved": "https://repositories-fol.mycom-osi.com/repository/npm-mo/magic-string/-/magic-string-0.19.1.tgz",
      "integrity": "sha1-FNdoATyvLsj96hakmvgvw3fnUgE=",
      "dev": true,
      "requires": {
        "vlq": "0.2.3"
      }
    },
    "matched": {
      "version": "0.4.4",
      "resolved": "https://repositories-fol.mycom-osi.com/repository/npm-mo/matched/-/matched-0.4.4.tgz",
      "integrity": "sha1-Vte36xgDPwz5vFLrIJD6x9weifo=",
      "dev": true,
      "requires": {
        "arr-union": "3.1.0",
        "async-array-reduce": "0.2.1",
        "extend-shallow": "2.0.1",
        "fs-exists-sync": "0.1.0",
        "glob": "7.1.2",
        "has-glob": "0.1.1",
        "is-valid-glob": "0.3.0",
        "lazy-cache": "2.0.2",
        "resolve-dir": "0.1.1"
      }
    },
    "micromatch": {
      "version": "2.3.11",
      "resolved": "https://repositories-fol.mycom-osi.com/repository/npm-mo/micromatch/-/micromatch-2.3.11.tgz",
      "integrity": "sha1-hmd8l9FyCzY0MdBNDRUpO9OMFWU=",
      "dev": true,
      "requires": {
        "arr-diff": "2.0.0",
        "array-unique": "0.2.1",
        "braces": "1.8.5",
        "expand-brackets": "0.1.5",
        "extglob": "0.3.2",
        "filename-regex": "2.0.1",
        "is-extglob": "1.0.0",
        "is-glob": "2.0.1",
        "kind-of": "3.2.2",
        "normalize-path": "2.1.1",
        "object.omit": "2.0.1",
        "parse-glob": "3.0.4",
        "regex-cache": "0.4.4"
      }
    },
    "minimatch": {
      "version": "3.0.4",
      "resolved": "https://repositories-fol.mycom-osi.com/repository/npm-mo/minimatch/-/minimatch-3.0.4.tgz",
      "integrity": "sha512-yJHVQEhyqPLUTgt9B83PXu6W3rx4MvvHvSUvToogpwoGDOUQ+yDrR0HRot+yOCdCO7u4hX3pWft6kWBBcqh0UA==",
      "dev": true,
      "requires": {
        "brace-expansion": "1.1.11"
      }
    },
    "minimist": {
      "version": "0.0.8",
      "resolved": "https://repositories-fol.mycom-osi.com/repository/npm-mo/minimist/-/minimist-0.0.8.tgz",
      "integrity": "sha1-hX/Kv8M5fSYluCKCYuhqp6ARsF0=",
      "dev": true
    },
    "mkdirp": {
      "version": "0.5.1",
      "resolved": "https://repositories-fol.mycom-osi.com/repository/npm-mo/mkdirp/-/mkdirp-0.5.1.tgz",
      "integrity": "sha1-MAV0OOrGz3+MR2fzhkjWaX11yQM=",
      "dev": true,
      "requires": {
        "minimist": "0.0.8"
      }
    },
    "ms": {
      "version": "2.0.0",
      "resolved": "https://repositories-fol.mycom-osi.com/repository/npm-mo/ms/-/ms-2.0.0.tgz",
      "integrity": "sha1-VgiurfwAvmwpAd9fmGF4jeDVl8g=",
      "dev": true
    },
    "normalize-path": {
      "version": "2.1.1",
      "resolved": "https://repositories-fol.mycom-osi.com/repository/npm-mo/normalize-path/-/normalize-path-2.1.1.tgz",
      "integrity": "sha1-GrKLVW4Zg2Oowab35vogE3/mrtk=",
      "dev": true,
      "requires": {
        "remove-trailing-separator": "1.1.0"
      }
    },
    "number-is-nan": {
      "version": "1.0.1",
      "resolved": "https://repositories-fol.mycom-osi.com/repository/npm-mo/number-is-nan/-/number-is-nan-1.0.1.tgz",
      "integrity": "sha1-CXtgK1NCKlIsGvuHkDGDNpQaAR0=",
      "dev": true
    },
    "object-assign": {
      "version": "4.1.1",
      "resolved": "https://repositories-fol.mycom-osi.com/repository/npm-mo/object-assign/-/object-assign-4.1.1.tgz",
      "integrity": "sha1-IQmtx5ZYh8/AXLvUQsrIv7s2CGM=",
      "dev": true
    },
    "object.omit": {
      "version": "2.0.1",
      "resolved": "https://repositories-fol.mycom-osi.com/repository/npm-mo/object.omit/-/object.omit-2.0.1.tgz",
      "integrity": "sha1-Gpx0SCnznbuFjHbKNXmuKlTr0fo=",
      "dev": true,
      "requires": {
        "for-own": "0.1.5",
        "is-extendable": "0.1.1"
      }
    },
    "once": {
      "version": "1.4.0",
      "resolved": "https://repositories-fol.mycom-osi.com/repository/npm-mo/once/-/once-1.4.0.tgz",
      "integrity": "sha1-WDsap3WWHUsROsF9nFC6753Xa9E=",
      "dev": true,
      "requires": {
        "wrappy": "1.0.2"
      }
    },
    "os-homedir": {
      "version": "1.0.2",
      "resolved": "https://repositories-fol.mycom-osi.com/repository/npm-mo/os-homedir/-/os-homedir-1.0.2.tgz",
      "integrity": "sha1-/7xJiDNuDoM94MFox+8VISGqf7M=",
      "dev": true
    },
    "os-tmpdir": {
      "version": "1.0.2",
      "resolved": "https://repositories-fol.mycom-osi.com/repository/npm-mo/os-tmpdir/-/os-tmpdir-1.0.2.tgz",
      "integrity": "sha1-u+Z0BseaqFxc/sdm/lc0VV36EnQ=",
      "dev": true
    },
    "parse-glob": {
      "version": "3.0.4",
      "resolved": "https://repositories-fol.mycom-osi.com/repository/npm-mo/parse-glob/-/parse-glob-3.0.4.tgz",
      "integrity": "sha1-ssN2z7EfNVE7rdFz7wu246OIORw=",
      "dev": true,
      "requires": {
        "glob-base": "0.3.0",
        "is-dotfile": "1.0.3",
        "is-extglob": "1.0.0",
        "is-glob": "2.0.1"
      }
    },
    "parse-passwd": {
      "version": "1.0.0",
      "resolved": "https://repositories-fol.mycom-osi.com/repository/npm-mo/parse-passwd/-/parse-passwd-1.0.0.tgz",
      "integrity": "sha1-bVuTSkVpk7I9N/QKOC1vFmao5cY=",
      "dev": true
    },
    "path-is-absolute": {
      "version": "1.0.1",
      "resolved": "https://repositories-fol.mycom-osi.com/repository/npm-mo/path-is-absolute/-/path-is-absolute-1.0.1.tgz",
      "integrity": "sha1-F0uSaHNVNP+8es5r9TpanhtcX18=",
      "dev": true
    },
    "path-parse": {
      "version": "1.0.5",
      "resolved": "https://repositories-fol.mycom-osi.com/repository/npm-mo/path-parse/-/path-parse-1.0.5.tgz",
      "integrity": "sha1-PBrfhx6pzWyUMbbqK9dKD/BVxME=",
      "dev": true
    },
    "preserve": {
      "version": "0.2.0",
      "resolved": "https://repositories-fol.mycom-osi.com/repository/npm-mo/preserve/-/preserve-0.2.0.tgz",
      "integrity": "sha1-gV7R9uvGWSb4ZbMQwHE7yzMVzks=",
      "dev": true
    },
    "private": {
      "version": "0.1.8",
      "resolved": "https://repositories-fol.mycom-osi.com/repository/npm-mo/private/-/private-0.1.8.tgz",
      "integrity": "sha512-VvivMrbvd2nKkiG38qjULzlc+4Vx4wm/whI9pQD35YrARNnhxeiRktSOhSukRLFNlzg6Br/cJPet5J/u19r/mg==",
      "dev": true
    },
    "randomatic": {
      "version": "1.1.7",
      "resolved": "https://repositories-fol.mycom-osi.com/repository/npm-mo/randomatic/-/randomatic-1.1.7.tgz",
      "integrity": "sha512-D5JUjPyJbaJDkuAazpVnSfVkLlpeO3wDlPROTMLGKG1zMFNFRgrciKo1ltz/AzNTkqE0HzDx655QOL51N06how==",
      "dev": true,
      "requires": {
        "is-number": "3.0.0",
        "kind-of": "4.0.0"
      },
      "dependencies": {
        "is-number": {
          "version": "3.0.0",
          "resolved": "https://repositories-fol.mycom-osi.com/repository/npm-mo/is-number/-/is-number-3.0.0.tgz",
          "integrity": "sha1-JP1iAaR4LPUFYcgQJ2r8fRLXEZU=",
          "dev": true,
          "requires": {
            "kind-of": "3.2.2"
          },
          "dependencies": {
            "kind-of": {
              "version": "3.2.2",
              "resolved": "https://repositories-fol.mycom-osi.com/repository/npm-mo/kind-of/-/kind-of-3.2.2.tgz",
              "integrity": "sha1-MeohpzS6ubuw8yRm2JOupR5KPGQ=",
              "dev": true,
              "requires": {
                "is-buffer": "1.1.6"
              }
            }
          }
        },
        "kind-of": {
          "version": "4.0.0",
          "resolved": "https://repositories-fol.mycom-osi.com/repository/npm-mo/kind-of/-/kind-of-4.0.0.tgz",
          "integrity": "sha1-IIE989cSkosgc3hpGkUGb65y3Vc=",
          "dev": true,
          "requires": {
            "is-buffer": "1.1.6"
          }
        }
      }
    },
    "regenerator-runtime": {
      "version": "0.11.1",
      "resolved": "https://repositories-fol.mycom-osi.com/repository/npm-mo/regenerator-runtime/-/regenerator-runtime-0.11.1.tgz",
      "integrity": "sha512-MguG95oij0fC3QV3URf4V2SDYGJhJnJGqvIIgdECeODCT98wSWDAJ94SSuVpYQUoTcGUIL6L4yNB7j1DFFHSBg==",
      "dev": true
    },
    "regex-cache": {
      "version": "0.4.4",
      "resolved": "https://repositories-fol.mycom-osi.com/repository/npm-mo/regex-cache/-/regex-cache-0.4.4.tgz",
      "integrity": "sha512-nVIZwtCjkC9YgvWkpM55B5rBhBYRZhAaJbgcFYXXsHnbZ9UZI9nnVWYZpBlCqv9ho2eZryPnWrZGsOdPwVWXWQ==",
      "dev": true,
      "requires": {
        "is-equal-shallow": "0.1.3"
      }
    },
    "remove-trailing-separator": {
      "version": "1.1.0",
      "resolved": "https://repositories-fol.mycom-osi.com/repository/npm-mo/remove-trailing-separator/-/remove-trailing-separator-1.1.0.tgz",
      "integrity": "sha1-wkvOKig62tW8P1jg1IJJuSN52O8=",
      "dev": true
    },
    "repeat-element": {
      "version": "1.1.2",
      "resolved": "https://repositories-fol.mycom-osi.com/repository/npm-mo/repeat-element/-/repeat-element-1.1.2.tgz",
      "integrity": "sha1-7wiaF40Ug7quTZPrmLT55OEdmQo=",
      "dev": true
    },
    "repeat-string": {
      "version": "1.6.1",
      "resolved": "https://repositories-fol.mycom-osi.com/repository/npm-mo/repeat-string/-/repeat-string-1.6.1.tgz",
      "integrity": "sha1-jcrkcOHIirwtYA//Sndihtp15jc=",
      "dev": true
    },
    "repeating": {
      "version": "2.0.1",
      "resolved": "https://repositories-fol.mycom-osi.com/repository/npm-mo/repeating/-/repeating-2.0.1.tgz",
      "integrity": "sha1-UhTFOpJtNVJwdSf7q0FdvAjQbdo=",
      "dev": true,
      "requires": {
        "is-finite": "1.0.2"
      }
    },
    "resolve": {
      "version": "1.5.0",
      "resolved": "https://repositories-fol.mycom-osi.com/repository/npm-mo/resolve/-/resolve-1.5.0.tgz",
      "integrity": "sha512-hgoSGrc3pjzAPHNBg+KnFcK2HwlHTs/YrAGUr6qgTVUZmXv1UEXXl0bZNBKMA9fud6lRYFdPGz0xXxycPzmmiw==",
      "dev": true,
      "requires": {
        "path-parse": "1.0.5"
      }
    },
    "resolve-dir": {
      "version": "0.1.1",
      "resolved": "https://repositories-fol.mycom-osi.com/repository/npm-mo/resolve-dir/-/resolve-dir-0.1.1.tgz",
      "integrity": "sha1-shklmlYC+sXFxJatiUpujMQwJh4=",
      "dev": true,
      "requires": {
        "expand-tilde": "1.2.2",
        "global-modules": "0.2.3"
      }
    },
    "rollup": {
      "version": "0.52.3",
      "resolved": "https://repositories-fol.mycom-osi.com/repository/npm-mo/rollup/-/rollup-0.52.3.tgz",
      "integrity": "sha512-cw+vb9NqaTXlwJyb8G+Ve+uhhlVTcl1NKBkfANdeQqVcpZFilQgeNnAnNiu7MwfeXrqiKEGz+3R03a3zeFkmEQ==",
      "dev": true
    },
    "rollup-plugin-babel": {
      "version": "2.7.1",
      "resolved": "https://repositories-fol.mycom-osi.com/repository/npm-mo/rollup-plugin-babel/-/rollup-plugin-babel-2.7.1.tgz",
      "integrity": "sha1-FlKBl7D5OKFTb0RoPHqT1XMYL1c=",
      "dev": true,
      "requires": {
        "babel-core": "6.26.0",
        "babel-plugin-transform-es2015-classes": "6.24.1",
        "object-assign": "4.1.1",
        "rollup-pluginutils": "1.5.2"
      }
    },
    "rollup-plugin-commonjs": {
      "version": "7.1.0",
      "resolved": "https://repositories-fol.mycom-osi.com/repository/npm-mo/rollup-plugin-commonjs/-/rollup-plugin-commonjs-7.1.0.tgz",
      "integrity": "sha1-w6dywuSl+hNQf1xXi2bME7DLink=",
      "dev": true,
      "requires": {
        "acorn": "4.0.13",
        "estree-walker": "0.3.1",
        "magic-string": "0.19.1",
        "resolve": "1.5.0",
        "rollup-pluginutils": "2.0.1"
      },
      "dependencies": {
        "estree-walker": {
          "version": "0.3.1",
          "resolved": "https://repositories-fol.mycom-osi.com/repository/npm-mo/estree-walker/-/estree-walker-0.3.1.tgz",
          "integrity": "sha1-5rGlHPcpJSTnI3wxLl/mZgwc4ao=",
          "dev": true
        },
        "rollup-pluginutils": {
          "version": "2.0.1",
          "resolved": "https://repositories-fol.mycom-osi.com/repository/npm-mo/rollup-pluginutils/-/rollup-pluginutils-2.0.1.tgz",
          "integrity": "sha1-fslbNXP2VDpGpkYb2afFRFJdD8A=",
          "dev": true,
          "requires": {
            "estree-walker": "0.3.1",
            "micromatch": "2.3.11"
          }
        }
      }
    },
    "rollup-plugin-json": {
      "version": "2.3.0",
      "resolved": "https://repositories-fol.mycom-osi.com/repository/npm-mo/rollup-plugin-json/-/rollup-plugin-json-2.3.0.tgz",
      "integrity": "sha512-W45nZH7lmXgkSR/DkeyF4ks0YWFrMysdjUT049gTuAg+lwUEDBKI2+PztqW8UDSMlXCAeEONsLzpDDyBy9m+9A==",
      "dev": true,
      "requires": {
        "rollup-pluginutils": "2.0.1"
      },
      "dependencies": {
        "estree-walker": {
          "version": "0.3.1",
          "resolved": "https://repositories-fol.mycom-osi.com/repository/npm-mo/estree-walker/-/estree-walker-0.3.1.tgz",
          "integrity": "sha1-5rGlHPcpJSTnI3wxLl/mZgwc4ao=",
          "dev": true
        },
        "rollup-pluginutils": {
          "version": "2.0.1",
          "resolved": "https://repositories-fol.mycom-osi.com/repository/npm-mo/rollup-pluginutils/-/rollup-pluginutils-2.0.1.tgz",
          "integrity": "sha1-fslbNXP2VDpGpkYb2afFRFJdD8A=",
          "dev": true,
          "requires": {
            "estree-walker": "0.3.1",
            "micromatch": "2.3.11"
          }
        }
      }
    },
    "rollup-plugin-multi-entry": {
      "version": "2.0.2",
      "resolved": "https://repositories-fol.mycom-osi.com/repository/npm-mo/rollup-plugin-multi-entry/-/rollup-plugin-multi-entry-2.0.2.tgz",
      "integrity": "sha512-TY72fCVJvcEAQBpBzkXykoYQx2fz0B20EVtcbh0WZaYr5eBu3U1dRPzgMt6aO8MePWWOdcmgoBtG6PhmYJr4Ew==",
      "dev": true,
      "requires": {
        "matched": "0.4.4"
      }
    },
    "rollup-plugin-node-resolve": {
      "version": "2.0.0",
      "resolved": "https://repositories-fol.mycom-osi.com/repository/npm-mo/rollup-plugin-node-resolve/-/rollup-plugin-node-resolve-2.0.0.tgz",
      "integrity": "sha1-B+CulKwAKj6jbo8zyhIdn4NrEwk=",
      "dev": true,
      "requires": {
        "browser-resolve": "1.11.2",
        "builtin-modules": "1.1.1",
        "resolve": "1.5.0"
      }
    },
    "rollup-plugin-replace": {
      "version": "1.2.1",
      "resolved": "https://repositories-fol.mycom-osi.com/repository/npm-mo/rollup-plugin-replace/-/rollup-plugin-replace-1.2.1.tgz",
      "integrity": "sha512-l9Pgb7bh5Wx18+qM9iOWZ/CKcwyKJETLAwCh6bjKwTOgTzNH3KmKDWI/X/ToNA7fA/68chhFyvISvreRxWFVtw==",
      "dev": true,
      "requires": {
        "magic-string": "0.22.4",
        "minimatch": "3.0.4",
        "rollup-pluginutils": "2.0.1"
      },
      "dependencies": {
        "estree-walker": {
          "version": "0.3.1",
          "resolved": "https://repositories-fol.mycom-osi.com/repository/npm-mo/estree-walker/-/estree-walker-0.3.1.tgz",
          "integrity": "sha1-5rGlHPcpJSTnI3wxLl/mZgwc4ao=",
          "dev": true
        },
        "magic-string": {
          "version": "0.22.4",
          "resolved": "https://repositories-fol.mycom-osi.com/repository/npm-mo/magic-string/-/magic-string-0.22.4.tgz",
          "integrity": "sha512-kxBL06p6iO2qPBHsqGK2b3cRwiRGpnmSuVWNhwHcMX7qJOUr1HvricYP1LZOCdkQBUp0jiWg2d6WJwR3vYgByw==",
          "dev": true,
          "requires": {
            "vlq": "0.2.3"
          }
        },
        "rollup-pluginutils": {
          "version": "2.0.1",
          "resolved": "https://repositories-fol.mycom-osi.com/repository/npm-mo/rollup-pluginutils/-/rollup-pluginutils-2.0.1.tgz",
          "integrity": "sha1-fslbNXP2VDpGpkYb2afFRFJdD8A=",
          "dev": true,
          "requires": {
            "estree-walker": "0.3.1",
            "micromatch": "2.3.11"
          }
        }
      }
    },
    "rollup-plugin-uglify-es": {
      "version": "0.0.1",
      "resolved": "https://repositories-fol.mycom-osi.com/repository/npm-mo/rollup-plugin-uglify-es/-/rollup-plugin-uglify-es-0.0.1.tgz",
      "integrity": "sha1-5FZE8raFpZq9uTY0ByB6A6e1qbc=",
      "dev": true,
      "requires": {
        "uglify-es": "3.0.3"
      }
    },
    "rollup-pluginutils": {
      "version": "1.5.2",
      "resolved": "https://repositories-fol.mycom-osi.com/repository/npm-mo/rollup-pluginutils/-/rollup-pluginutils-1.5.2.tgz",
      "integrity": "sha1-HhVud4+UtyVb+hs9AXi+j1xVJAg=",
      "dev": true,
      "requires": {
        "estree-walker": "0.2.1",
        "minimatch": "3.0.4"
      }
    },
    "safe-json-stringify": {
      "version": "1.1.0",
      "resolved": "https://registry.npmjs.org/safe-json-stringify/-/safe-json-stringify-1.1.0.tgz",
      "integrity": "sha512-EzBtUaFH9bHYPc69wqjp0efJI/DPNHdFbGE3uIMn4sVbO0zx8vZ8cG4WKxQfOpUOKsQyGBiT2mTqnCw+6nLswA=="
    },
    "set-getter": {
      "version": "0.1.0",
      "resolved": "https://repositories-fol.mycom-osi.com/repository/npm-mo/set-getter/-/set-getter-0.1.0.tgz",
      "integrity": "sha1-12nBgsnVpR9AkUXy+6guXoboA3Y=",
      "dev": true,
      "requires": {
        "to-object-path": "0.3.0"
      }
    },
    "slash": {
      "version": "1.0.0",
      "resolved": "https://repositories-fol.mycom-osi.com/repository/npm-mo/slash/-/slash-1.0.0.tgz",
      "integrity": "sha1-xB8vbDn8FtHNF61LXYlhFK5HDVU=",
      "dev": true
    },
    "source-map": {
      "version": "0.5.7",
      "resolved": "https://repositories-fol.mycom-osi.com/repository/npm-mo/source-map/-/source-map-0.5.7.tgz",
      "integrity": "sha1-igOdLRAh0i0eoUyA2OpGi6LvP8w=",
      "dev": true
    },
    "source-map-support": {
      "version": "0.4.18",
      "resolved": "https://repositories-fol.mycom-osi.com/repository/npm-mo/source-map-support/-/source-map-support-0.4.18.tgz",
      "integrity": "sha512-try0/JqxPLF9nOjvSta7tVondkP5dwgyLDjVoyMDlmjugT2lRZ1OfsrYTkCd2hkDnJTKRbO/Rl3orm8vlsUzbA==",
      "dev": true,
      "requires": {
        "source-map": "0.5.7"
      }
    },
    "strip-ansi": {
      "version": "3.0.1",
      "resolved": "https://repositories-fol.mycom-osi.com/repository/npm-mo/strip-ansi/-/strip-ansi-3.0.1.tgz",
      "integrity": "sha1-ajhfuIU9lS1f8F0Oiq+UJ43GPc8=",
      "dev": true,
      "requires": {
        "ansi-regex": "2.1.1"
      }
    },
    "supports-color": {
      "version": "2.0.0",
      "resolved": "https://repositories-fol.mycom-osi.com/repository/npm-mo/supports-color/-/supports-color-2.0.0.tgz",
      "integrity": "sha1-U10EXOa2Nj+kARcIRimZXp3zJMc=",
      "dev": true
    },
    "to-fast-properties": {
      "version": "1.0.3",
      "resolved": "https://repositories-fol.mycom-osi.com/repository/npm-mo/to-fast-properties/-/to-fast-properties-1.0.3.tgz",
      "integrity": "sha1-uDVx+k2MJbguIxsG46MFXeTKGkc=",
      "dev": true
    },
    "to-object-path": {
      "version": "0.3.0",
      "resolved": "https://repositories-fol.mycom-osi.com/repository/npm-mo/to-object-path/-/to-object-path-0.3.0.tgz",
      "integrity": "sha1-KXWIt7Dn4KwI4E5nL4XB9JmeF68=",
      "dev": true,
      "requires": {
        "kind-of": "3.2.2"
      }
    },
    "trim-right": {
      "version": "1.0.1",
      "resolved": "https://repositories-fol.mycom-osi.com/repository/npm-mo/trim-right/-/trim-right-1.0.1.tgz",
      "integrity": "sha1-yy4SAwZ+DI3h9hQJS5/kVwTqYAM=",
      "dev": true
    },
    "uglify-es": {
      "version": "3.0.3",
      "resolved": "https://repositories-fol.mycom-osi.com/repository/npm-mo/uglify-es/-/uglify-es-3.0.3.tgz",
      "integrity": "sha1-Y8yEqpRos0lzpIh3h8ZMAaiodXY=",
      "dev": true,
      "requires": {
        "commander": "2.9.0",
        "source-map": "0.5.7",
        "uglify-to-browserify": "1.0.2"
      }
    },
    "uglify-to-browserify": {
      "version": "1.0.2",
      "resolved": "https://repositories-fol.mycom-osi.com/repository/npm-mo/uglify-to-browserify/-/uglify-to-browserify-1.0.2.tgz",
      "integrity": "sha1-bgkk1r2mta/jSeOabWMoUKD4grc=",
      "dev": true,
      "optional": true
    },
    "vlq": {
      "version": "0.2.3",
      "resolved": "https://repositories-fol.mycom-osi.com/repository/npm-mo/vlq/-/vlq-0.2.3.tgz",
      "integrity": "sha512-DRibZL6DsNhIgYQ+wNdWDL2SL3bKPlVrRiBqV5yuMm++op8W4kGFtaQfCs4KEJn0wBZcHVHJ3eoywX8983k1ow==",
      "dev": true
    },
    "which": {
      "version": "1.3.0",
      "resolved": "https://repositories-fol.mycom-osi.com/repository/npm-mo/which/-/which-1.3.0.tgz",
      "integrity": "sha512-xcJpopdamTuY5duC/KnTTNBraPK54YwpenP4lzxU8H91GudWpFv38u0CKjclE1Wi2EH2EDz5LRcHcKbCIzqGyg==",
      "dev": true,
      "requires": {
        "isexe": "2.0.0"
      }
    },
    "wrappy": {
      "version": "1.0.2",
      "resolved": "https://repositories-fol.mycom-osi.com/repository/npm-mo/wrappy/-/wrappy-1.0.2.tgz",
      "integrity": "sha1-tSQ9jz7BqjXxNkYFvA0QNuMKtp8=",
      "dev": true
    }
  }
}
